{
  "requires": true,
  "lockfileVersion": 1,
  "dependencies": {
    "material-icons": {
      "version": "0.5.3",
      "resolved": "https://registry.npmjs.org/material-icons/-/material-icons-0.5.3.tgz",
      "integrity": "sha512-LL4pqS7/wX/LmeVkqpmEQX2LFIC8BBoQO6NDZKmItg/MgsW1BpzHJX+YR1S0tmgGh5WnhIn7ZJCKvj8MT3Liew=="
    }
  }
}
